
Microsoft Visual Studio Solution File, Format Version 12.00
# Visual Studio Version 16
VisualStudioVersion = 16.0.30717.126
MinimumVisualStudioVersion = 10.0.40219.1
Project("{9A19103F-16F7-4668-BE54-9A1E7A4F7556}") = "ProyectoFinalPrograWeb", "ProyectoFinalPrograWeb\ProyectoFinalPrograWeb.csproj", "{E2AABC1D-EBAD-4936-BE6C-1066E312F8BB}"
EndProject
Project("{FAE04EC0-301F-11D3-BF4B-00C04F79EFBC}") = "ProyectoFinalPrograWeb.DataAccess", "ProyectoFinalPrograWeb.DataAccess\ProyectoFinalPrograWeb.DataAccess.csproj", "{9799AFF8-3707-4ABD-B34C-A0F81C9ADDF7}"
EndProject
Project("{FAE04EC0-301F-11D3-BF4B-00C04F79EFBC}") = "ProyectoFinalPrograWeb.Models", "ProyectoFinalPrograWeb.Models\ProyectoFinalPrograWeb.Models.csproj", "{CAC02837-C2B0-4DA4-8035-31F9A102DE33}"
EndProject
Project("{FAE04EC0-301F-11D3-BF4B-00C04F79EFBC}") = "ProyectoFinalPrograWeb.Utility", "ProyectoFinalPrograWeb.Utility\ProyectoFinalPrograWeb.Utility.csproj", "{E4080DFA-3C18-4CEE-8FBB-697AF210B808}"
EndProject
Global
	GlobalSection(SolutionConfigurationPlatforms) = preSolution
		Debug|Any CPU = Debug|Any CPU
		Release|Any CPU = Release|Any CPU
	EndGlobalSection
	GlobalSection(ProjectConfigurationPlatforms) = postSolution
		{E2AABC1D-EBAD-4936-BE6C-1066E312F8BB}.Debug|Any CPU.ActiveCfg = Debug|Any CPU
		{E2AABC1D-EBAD-4936-BE6C-1066E312F8BB}.Debug|Any CPU.Build.0 = Debug|Any CPU
		{E2AABC1D-EBAD-4936-BE6C-1066E312F8BB}.Release|Any CPU.ActiveCfg = Release|Any CPU
		{E2AABC1D-EBAD-4936-BE6C-1066E312F8BB}.Release|Any CPU.Build.0 = Release|Any CPU
		{9799AFF8-3707-4ABD-B34C-A0F81C9ADDF7}.Debug|Any CPU.ActiveCfg = Debug|Any CPU
		{9799AFF8-3707-4ABD-B34C-A0F81C9ADDF7}.Debug|Any CPU.Build.0 = Debug|Any CPU
		{9799AFF8-3707-4ABD-B34C-A0F81C9ADDF7}.Release|Any CPU.ActiveCfg = Release|Any CPU
		{9799AFF8-3707-4ABD-B34C-A0F81C9ADDF7}.Release|Any CPU.Build.0 = Release|Any CPU
		{CAC02837-C2B0-4DA4-8035-31F9A102DE33}.Debug|Any CPU.ActiveCfg = Debug|Any CPU
		{CAC02837-C2B0-4DA4-8035-31F9A102DE33}.Debug|Any CPU.Build.0 = Debug|Any CPU
		{CAC02837-C2B0-4DA4-8035-31F9A102DE33}.Release|Any CPU.ActiveCfg = Release|Any CPU
		{CAC02837-C2B0-4DA4-8035-31F9A102DE33}.Release|Any CPU.Build.0 = Release|Any CPU
		{E4080DFA-3C18-4CEE-8FBB-697AF210B808}.Debug|Any CPU.ActiveCfg = Debug|Any CPU
		{E4080DFA-3C18-4CEE-8FBB-697AF210B808}.Debug|Any CPU.Build.0 = Debug|Any CPU
		{E4080DFA-3C18-4CEE-8FBB-697AF210B808}.Release|Any CPU.ActiveCfg = Release|Any CPU
		{E4080DFA-3C18-4CEE-8FBB-697AF210B808}.Release|Any CPU.Build.0 = Release|Any CPU
	EndGlobalSection
	GlobalSection(SolutionProperties) = preSolution
		HideSolutionNode = FALSE
	EndGlobalSection
	GlobalSection(ExtensibilityGlobals) = postSolution
		SolutionGuid = {31163F35-556D-42AC-9C0C-4966EC312C51}
	EndGlobalSection
EndGlobal
